
Microsoft Visual Studio Solution File, Format Version 12.00
# Visual Studio Version 17
VisualStudioVersion = 17.14.36518.9 d17.14
MinimumVisualStudioVersion = 10.0.40219.1
Project("{FAE04EC0-301F-11D3-BF4B-00C04F79EFBC}") = "autosavephoto", "autosavephoto.csproj", "{343B08D8-5891-4166-85B3-60BA5A7A089C}"
EndProject
Global
	GlobalSection(SolutionConfigurationPlatforms) = preSolution
		Debug|Any CPU = Debug|Any CPU
		Release|Any CPU = Release|Any CPU
	EndGlobalSection
	GlobalSection(ProjectConfigurationPlatforms) = postSolution
		{343B08D8-5891-4166-85B3-60BA5A7A089C}.Debug|Any CPU.ActiveCfg = Debug|Any CPU
		{343B08D8-5891-4166-85B3-60BA5A7A089C}.Debug|Any CPU.Build.0 = Debug|Any CPU
		{343B08D8-5891-4166-85B3-60BA5A7A089C}.Release|Any CPU.ActiveCfg = Release|Any CPU
		{343B08D8-5891-4166-85B3-60BA5A7A089C}.Release|Any CPU.Build.0 = Release|Any CPU
	EndGlobalSection
	GlobalSection(SolutionProperties) = preSolution
		HideSolutionNode = FALSE
	EndGlobalSection
	GlobalSection(ExtensibilityGlobals) = postSolution
		SolutionGuid = {1E7C011C-44C1-4081-98DF-F84BD6D69CB1}
	EndGlobalSection
EndGlobal
